speakeasyVersion: 1.294.0
sources:
    Livepeer:
        sourceNamespace: livepeer
        sourceRevisionDigest: sha256:a27b08eda9895afa45560e8255cc722036759a56c7c16bf09d002f2f5a4e2dea
        sourceBlobDigest: sha256:856a4f7c8547bd06b13cb376f3b89f51fe7f6578c4fa6284a1877fc99cc46766
        tags:
            - latest
    livepeer-studio-api:
        sourceNamespace: livepeer-studio-api
        sourceRevisionDigest: sha256:6e0c005f0544f244d922af8cbd312cf12c4542abfc7e44ba3dbb7e8e7c8390fb
        sourceBlobDigest: sha256:12dc4ffd1f6e77b7fbaec855b19d53ea1be2569074e9c9bd1f95292e98bd4e58
        tags:
            - latest
targets:
    livepeer-java:
        source: livepeer-studio-api
        sourceNamespace: livepeer-studio-api
        sourceRevisionDigest: sha256:6e0c005f0544f244d922af8cbd312cf12c4542abfc7e44ba3dbb7e8e7c8390fb
        sourceBlobDigest: sha256:12dc4ffd1f6e77b7fbaec855b19d53ea1be2569074e9c9bd1f95292e98bd4e58
        outLocation: /Users/chase/git/livepeer/livepeer-java
    my-first-target:
        source: Livepeer
        sourceNamespace: livepeer
        sourceRevisionDigest: sha256:a27b08eda9895afa45560e8255cc722036759a56c7c16bf09d002f2f5a4e2dea
        sourceBlobDigest: sha256:856a4f7c8547bd06b13cb376f3b89f51fe7f6578c4fa6284a1877fc99cc46766
        outLocation: /Users/chase/git/livepeer/livepeer-java
workflow:
    workflowVersion: 1.0.0
    speakeasyVersion: latest
    sources:
        livepeer-studio-api:
            inputs:
                - location: https://raw.githubusercontent.com/livepeer/studio/master/packages/api/src/schema/api-schema.yaml
            registry:
                location: registry.speakeasyapi.dev/livepeer/livepeer-studio/livepeer-studio-api
    targets:
        livepeer-java:
            target: java
            source: livepeer-studio-api
            codeSamples:
                output: codeSamples.yaml
